// !$*UTF8*$!
{
	archiveVersion = 1;
	classes = {
	};
	objectVersion = 56;
	objects = {

/* Begin PBXBuildFile section */
		5BF461BB2AA3B1F100E36BDA /* OwnStoryView.swift in Sources */ = {isa = PBXBuildFile; fileRef = 5BF461BA2AA3B1F100E36BDA /* OwnStoryView.swift */; };
		5BF461BF2AA3EFDE00E36BDA /* RandomStoryView.swift in Sources */ = {isa = PBXBuildFile; fileRef = 5BF461BE2AA3EFDE00E36BDA /* RandomStoryView.swift */; };
		5BF461C52AA4055A00E36BDA /* InAlbumView.swift in Sources */ = {isa = PBXBuildFile; fileRef = 5BF461C42AA4055A00E36BDA /* InAlbumView.swift */; };
		5BF461C72AA4056300E36BDA /* AlbumGrid.swift in Sources */ = {isa = PBXBuildFile; fileRef = 5BF461C62AA4056300E36BDA /* AlbumGrid.swift */; };
		5BF461C92AA4059200E36BDA /* OverallAlbumView.swift in Sources */ = {isa = PBXBuildFile; fileRef = 5BF461C82AA4059200E36BDA /* OverallAlbumView.swift */; };
		BF08BAEA2AB2105F00B44385 /* AsyncImageView.swift in Sources */ = {isa = PBXBuildFile; fileRef = BF08BAE92AB2105F00B44385 /* AsyncImageView.swift */; };
		BF08BAEC2AB2C73500B44385 /* HapticManager.swift in Sources */ = {isa = PBXBuildFile; fileRef = BF08BAEB2AB2C73500B44385 /* HapticManager.swift */; };
		BF23ED072AA434AD00851962 /* HistoryView.swift in Sources */ = {isa = PBXBuildFile; fileRef = BF23ED062AA434AD00851962 /* HistoryView.swift */; };
		BF23ED0A2AA435FF00851962 /* HistoryGrid.swift in Sources */ = {isa = PBXBuildFile; fileRef = BF23ED092AA435FF00851962 /* HistoryGrid.swift */; };
		BF9A267E2AA1270500F73E17 /* ImageryApp.swift in Sources */ = {isa = PBXBuildFile; fileRef = BF9A267D2AA1270500F73E17 /* ImageryApp.swift */; };
		BF9A26802AA1270500F73E17 /* ContentView.swift in Sources */ = {isa = PBXBuildFile; fileRef = BF9A267F2AA1270500F73E17 /* ContentView.swift */; };
		BF9A26822AA1270600F73E17 /* Assets.xcassets in Resources */ = {isa = PBXBuildFile; fileRef = BF9A26812AA1270600F73E17 /* Assets.xcassets */; };
		BF9A26852AA1270600F73E17 /* Preview Assets.xcassets in Resources */ = {isa = PBXBuildFile; fileRef = BF9A26842AA1270600F73E17 /* Preview Assets.xcassets */; };
		BF9A268C2AA1C8AA00F73E17 /* Color+.swift in Sources */ = {isa = PBXBuildFile; fileRef = BF9A268B2AA1C8AA00F73E17 /* Color+.swift */; };
		BF9A268F2AA1E86700F73E17 /* StartView.swift in Sources */ = {isa = PBXBuildFile; fileRef = BF9A268E2AA1E86700F73E17 /* StartView.swift */; };
		BF9A26912AA1E93100F73E17 /* GameManager.swift in Sources */ = {isa = PBXBuildFile; fileRef = BF9A26902AA1E93100F73E17 /* GameManager.swift */; };
		BF9A26932AA1E99E00F73E17 /* GameView.swift in Sources */ = {isa = PBXBuildFile; fileRef = BF9A26922AA1E99E00F73E17 /* GameView.swift */; };
		BF9A26982AA1EA4800F73E17 /* Item.swift in Sources */ = {isa = PBXBuildFile; fileRef = BF9A26972AA1EA4800F73E17 /* Item.swift */; };
		BF9A26992AA1ECC900F73E17 /* Instruction.json in Resources */ = {isa = PBXBuildFile; fileRef = BF9A268D2AA1E81000F73E17 /* Instruction.json */; };
		BF9A269B2AA1EEBB00F73E17 /* DataManager.swift in Sources */ = {isa = PBXBuildFile; fileRef = BF9A269A2AA1EEBB00F73E17 /* DataManager.swift */; };
/* End PBXBuildFile section */

/* Begin PBXFileReference section */
		5BF461BA2AA3B1F100E36BDA /* OwnStoryView.swift */ = {isa = PBXFileReference; lastKnownFileType = sourcecode.swift; path = OwnStoryView.swift; sourceTree = "<group>"; };
		5BF461BE2AA3EFDE00E36BDA /* RandomStoryView.swift */ = {isa = PBXFileReference; lastKnownFileType = sourcecode.swift; path = RandomStoryView.swift; sourceTree = "<group>"; };
		5BF461C42AA4055A00E36BDA /* InAlbumView.swift */ = {isa = PBXFileReference; fileEncoding = 4; lastKnownFileType = sourcecode.swift; path = InAlbumView.swift; sourceTree = "<group>"; };
		5BF461C62AA4056300E36BDA /* AlbumGrid.swift */ = {isa = PBXFileReference; fileEncoding = 4; lastKnownFileType = sourcecode.swift; path = AlbumGrid.swift; sourceTree = "<group>"; };
		5BF461C82AA4059200E36BDA /* OverallAlbumView.swift */ = {isa = PBXFileReference; lastKnownFileType = sourcecode.swift; path = OverallAlbumView.swift; sourceTree = "<group>"; };
		BF08BAE92AB2105F00B44385 /* AsyncImageView.swift */ = {isa = PBXFileReference; lastKnownFileType = sourcecode.swift; path = AsyncImageView.swift; sourceTree = "<group>"; };
		BF08BAEB2AB2C73500B44385 /* HapticManager.swift */ = {isa = PBXFileReference; lastKnownFileType = sourcecode.swift; path = HapticManager.swift; sourceTree = "<group>"; };
		BF23ED062AA434AD00851962 /* HistoryView.swift */ = {isa = PBXFileReference; lastKnownFileType = sourcecode.swift; path = HistoryView.swift; sourceTree = "<group>"; };
		BF23ED092AA435FF00851962 /* HistoryGrid.swift */ = {isa = PBXFileReference; lastKnownFileType = sourcecode.swift; path = HistoryGrid.swift; sourceTree = "<group>"; };
		BF9A267A2AA1270500F73E17 /* Imagery.app */ = {isa = PBXFileReference; explicitFileType = wrapper.application; includeInIndex = 0; path = Imagery.app; sourceTree = BUILT_PRODUCTS_DIR; };
		BF9A267D2AA1270500F73E17 /* ImageryApp.swift */ = {isa = PBXFileReference; lastKnownFileType = sourcecode.swift; path = ImageryApp.swift; sourceTree = "<group>"; };
		BF9A267F2AA1270500F73E17 /* ContentView.swift */ = {isa = PBXFileReference; lastKnownFileType = sourcecode.swift; path = ContentView.swift; sourceTree = "<group>"; };
		BF9A26812AA1270600F73E17 /* Assets.xcassets */ = {isa = PBXFileReference; lastKnownFileType = folder.assetcatalog; path = Assets.xcassets; sourceTree = "<group>"; };
		BF9A26842AA1270600F73E17 /* Preview Assets.xcassets */ = {isa = PBXFileReference; lastKnownFileType = folder.assetcatalog; path = "Preview Assets.xcassets"; sourceTree = "<group>"; };
		BF9A268B2AA1C8AA00F73E17 /* Color+.swift */ = {isa = PBXFileReference; lastKnownFileType = sourcecode.swift; path = "Color+.swift"; sourceTree = "<group>"; };
		BF9A268D2AA1E81000F73E17 /* Instruction.json */ = {isa = PBXFileReference; lastKnownFileType = text.json; path = Instruction.json; sourceTree = "<group>"; };
		BF9A268E2AA1E86700F73E17 /* StartView.swift */ = {isa = PBXFileReference; lastKnownFileType = sourcecode.swift; path = StartView.swift; sourceTree = "<group>"; };
		BF9A26902AA1E93100F73E17 /* GameManager.swift */ = {isa = PBXFileReference; lastKnownFileType = sourcecode.swift; path = GameManager.swift; sourceTree = "<group>"; };
		BF9A26922AA1E99E00F73E17 /* GameView.swift */ = {isa = PBXFileReference; lastKnownFileType = sourcecode.swift; path = GameView.swift; sourceTree = "<group>"; };
		BF9A26972AA1EA4800F73E17 /* Item.swift */ = {isa = PBXFileReference; lastKnownFileType = sourcecode.swift; path = Item.swift; sourceTree = "<group>"; };
		BF9A269A2AA1EEBB00F73E17 /* DataManager.swift */ = {isa = PBXFileReference; lastKnownFileType = sourcecode.swift; path = DataManager.swift; sourceTree = "<group>"; };
/* End PBXFileReference section */

/* Begin PBXFrameworksBuildPhase section */
		BF9A26772AA1270500F73E17 /* Frameworks */ = {
			isa = PBXFrameworksBuildPhase;
			buildActionMask = 2147483647;
			files = (
			);
			runOnlyForDeploymentPostprocessing = 0;
		};
/* End PBXFrameworksBuildPhase section */

/* Begin PBXGroup section */
		5BD0C3CD2AA35DA400EB759D /* Extensions */ = {
			isa = PBXGroup;
			children = (
				BF9A268B2AA1C8AA00F73E17 /* Color+.swift */,
			);
			path = Extensions;
			sourceTree = "<group>";
		};
		BF23ED082AA434EA00851962 /* Album */ = {
			isa = PBXGroup;
			children = (
				5BF461C62AA4056300E36BDA /* AlbumGrid.swift */,
				5BF461C42AA4055A00E36BDA /* InAlbumView.swift */,
			);
			path = Album;
			sourceTree = "<group>";
		};
		BF9A26712AA1270500F73E17 = {
			isa = PBXGroup;
			children = (
				BF9A267C2AA1270500F73E17 /* Imagery */,
				BF9A267B2AA1270500F73E17 /* Products */,
			);
			sourceTree = "<group>";
		};
		BF9A267B2AA1270500F73E17 /* Products */ = {
			isa = PBXGroup;
			children = (
				BF9A267A2AA1270500F73E17 /* Imagery.app */,
			);
			name = Products;
			sourceTree = "<group>";
		};
		BF9A267C2AA1270500F73E17 /* Imagery */ = {
			isa = PBXGroup;
			children = (
				BF9A26962AA1E9D200F73E17 /* Resources */,
				5BD0C3CD2AA35DA400EB759D /* Extensions */,
				BF9A26952AA1E9C500F73E17 /* Model */,
				BF9A26942AA1E9AE00F73E17 /* View */,
				BF9A26832AA1270600F73E17 /* Preview Content */,
				BF9A267D2AA1270500F73E17 /* ImageryApp.swift */,
			);
			path = Imagery;
			sourceTree = "<group>";
		};
		BF9A26832AA1270600F73E17 /* Preview Content */ = {
			isa = PBXGroup;
			children = (
				BF9A26842AA1270600F73E17 /* Preview Assets.xcassets */,
			);
			path = "Preview Content";
			sourceTree = "<group>";
		};
		BF9A26942AA1E9AE00F73E17 /* View */ = {
			isa = PBXGroup;
			children = (
				BF9A267F2AA1270500F73E17 /* ContentView.swift */,
				BF9A268E2AA1E86700F73E17 /* StartView.swift */,
				5BF461BA2AA3B1F100E36BDA /* OwnStoryView.swift */,
				5BF461BE2AA3EFDE00E36BDA /* RandomStoryView.swift */,
				5BF461C82AA4059200E36BDA /* OverallAlbumView.swift */,
				BF23ED062AA434AD00851962 /* HistoryView.swift */,
				BF23ED092AA435FF00851962 /* HistoryGrid.swift */,
				BF9A26922AA1E99E00F73E17 /* GameView.swift */,
				BF23ED082AA434EA00851962 /* Album */,
				BF08BAE92AB2105F00B44385 /* AsyncImageView.swift */,
			);
			path = View;
			sourceTree = "<group>";
		};
		BF9A26952AA1E9C500F73E17 /* Model */ = {
			isa = PBXGroup;
			children = (
				BF9A26902AA1E93100F73E17 /* GameManager.swift */,
				BF9A269A2AA1EEBB00F73E17 /* DataManager.swift */,
				BF9A26972AA1EA4800F73E17 /* Item.swift */,
				BF08BAEB2AB2C73500B44385 /* HapticManager.swift */,
			);
			path = Model;
			sourceTree = "<group>";
		};
		BF9A26962AA1E9D200F73E17 /* Resources */ = {
			isa = PBXGroup;
			children = (
				BF9A26812AA1270600F73E17 /* Assets.xcassets */,
				BF9A268D2AA1E81000F73E17 /* Instruction.json */,
			);
			path = Resources;
			sourceTree = "<group>";
		};
/* End PBXGroup section */

/* Begin PBXNativeTarget section */
		BF9A26792AA1270500F73E17 /* Imagery */ = {
			isa = PBXNativeTarget;
			buildConfigurationList = BF9A26882AA1270600F73E17 /* Build configuration list for PBXNativeTarget "Imagery" */;
			buildPhases = (
				BF9A26762AA1270500F73E17 /* Sources */,
				BF9A26772AA1270500F73E17 /* Frameworks */,
				BF9A26782AA1270500F73E17 /* Resources */,
			);
			buildRules = (
			);
			dependencies = (
			);
			name = Imagery;
			productName = Imagery;
			productReference = BF9A267A2AA1270500F73E17 /* Imagery.app */;
			productType = "com.apple.product-type.application";
		};
/* End PBXNativeTarget section */

/* Begin PBXProject section */
		BF9A26722AA1270500F73E17 /* Project object */ = {
			isa = PBXProject;
			attributes = {
				BuildIndependentTargetsInParallel = 1;
				LastSwiftUpdateCheck = 1430;
				LastUpgradeCheck = 1430;
				TargetAttributes = {
					BF9A26792AA1270500F73E17 = {
						CreatedOnToolsVersion = 14.3.1;
					};
				};
			};
			buildConfigurationList = BF9A26752AA1270500F73E17 /* Build configuration list for PBXProject "Imagery" */;
			compatibilityVersion = "Xcode 14.0";
			developmentRegion = ko;
			hasScannedForEncodings = 0;
			knownRegions = (
				en,
				Base,
				ko,
			);
			mainGroup = BF9A26712AA1270500F73E17;
			productRefGroup = BF9A267B2AA1270500F73E17 /* Products */;
			projectDirPath = "";
			projectRoot = "";
			targets = (
				BF9A26792AA1270500F73E17 /* Imagery */,
			);
		};
/* End PBXProject section */

/* Begin PBXResourcesBuildPhase section */
		BF9A26782AA1270500F73E17 /* Resources */ = {
			isa = PBXResourcesBuildPhase;
			buildActionMask = 2147483647;
			files = (
				BF9A26992AA1ECC900F73E17 /* Instruction.json in Resources */,
				BF9A26852AA1270600F73E17 /* Preview Assets.xcassets in Resources */,
				BF9A26822AA1270600F73E17 /* Assets.xcassets in Resources */,
			);
			runOnlyForDeploymentPostprocessing = 0;
		};
/* End PBXResourcesBuildPhase section */

/* Begin PBXSourcesBuildPhase section */
		BF9A26762AA1270500F73E17 /* Sources */ = {
			isa = PBXSourcesBuildPhase;
			buildActionMask = 2147483647;
			files = (
				BF9A26802AA1270500F73E17 /* ContentView.swift in Sources */,
				BF9A269B2AA1EEBB00F73E17 /* DataManager.swift in Sources */,
				BF9A267E2AA1270500F73E17 /* ImageryApp.swift in Sources */,
				BF9A268C2AA1C8AA00F73E17 /* Color+.swift in Sources */,
				5BF461BB2AA3B1F100E36BDA /* OwnStoryView.swift in Sources */,
				BF9A268F2AA1E86700F73E17 /* StartView.swift in Sources */,
				5BF461C52AA4055A00E36BDA /* InAlbumView.swift in Sources */,
				BF23ED072AA434AD00851962 /* HistoryView.swift in Sources */,
				5BF461C92AA4059200E36BDA /* OverallAlbumView.swift in Sources */,
				BF9A26982AA1EA4800F73E17 /* Item.swift in Sources */,
				5BF461BF2AA3EFDE00E36BDA /* RandomStoryView.swift in Sources */,
				5BF461C72AA4056300E36BDA /* AlbumGrid.swift in Sources */,
				BF08BAEA2AB2105F00B44385 /* AsyncImageView.swift in Sources */,
				BF9A26932AA1E99E00F73E17 /* GameView.swift in Sources */,
				BF23ED0A2AA435FF00851962 /* HistoryGrid.swift in Sources */,
				BF9A26912AA1E93100F73E17 /* GameManager.swift in Sources */,
				BF08BAEC2AB2C73500B44385 /* HapticManager.swift in Sources */,
			);
			runOnlyForDeploymentPostprocessing = 0;
		};
/* End PBXSourcesBuildPhase section */

/* Begin XCBuildConfiguration section */
		BF9A26862AA1270600F73E17 /* Debug */ = {
			isa = XCBuildConfiguration;
			buildSettings = {
				ALWAYS_SEARCH_USER_PATHS = NO;
				CLANG_ANALYZER_NONNULL = YES;
				CLANG_ANALYZER_NUMBER_OBJECT_CONVERSION = YES_AGGRESSIVE;
				CLANG_CXX_LANGUAGE_STANDARD = "gnu++20";
				CLANG_ENABLE_MODULES = YES;
				CLANG_ENABLE_OBJC_ARC = YES;
				CLANG_ENABLE_OBJC_WEAK = YES;
				CLANG_WARN_BLOCK_CAPTURE_AUTORELEASING = YES;
				CLANG_WARN_BOOL_CONVERSION = YES;
				CLANG_WARN_COMMA = YES;
				CLANG_WARN_CONSTANT_CONVERSION = YES;
				CLANG_WARN_DEPRECATED_OBJC_IMPLEMENTATIONS = YES;
				CLANG_WARN_DIRECT_OBJC_ISA_USAGE = YES_ERROR;
				CLANG_WARN_DOCUMENTATION_COMMENTS = YES;
				CLANG_WARN_EMPTY_BODY = YES;
				CLANG_WARN_ENUM_CONVERSION = YES;
				CLANG_WARN_INFINITE_RECURSION = YES;
				CLANG_WARN_INT_CONVERSION = YES;
				CLANG_WARN_NON_LITERAL_NULL_CONVERSION = YES;
				CLANG_WARN_OBJC_IMPLICIT_RETAIN_SELF = YES;
				CLANG_WARN_OBJC_LITERAL_CONVERSION = YES;
				CLANG_WARN_OBJC_ROOT_CLASS = YES_ERROR;
				CLANG_WARN_QUOTED_INCLUDE_IN_FRAMEWORK_HEADER = YES;
				CLANG_WARN_RANGE_LOOP_ANALYSIS = YES;
				CLANG_WARN_STRICT_PROTOTYPES = YES;
				CLANG_WARN_SUSPICIOUS_MOVE = YES;
				CLANG_WARN_UNGUARDED_AVAILABILITY = YES_AGGRESSIVE;
				CLANG_WARN_UNREACHABLE_CODE = YES;
				CLANG_WARN__DUPLICATE_METHOD_MATCH = YES;
				COPY_PHASE_STRIP = NO;
				DEBUG_INFORMATION_FORMAT = dwarf;
				ENABLE_STRICT_OBJC_MSGSEND = YES;
				ENABLE_TESTABILITY = YES;
				GCC_C_LANGUAGE_STANDARD = gnu11;
				GCC_DYNAMIC_NO_PIC = NO;
				GCC_NO_COMMON_BLOCKS = YES;
				GCC_OPTIMIZATION_LEVEL = 0;
				GCC_PREPROCESSOR_DEFINITIONS = (
					"DEBUG=1",
					"$(inherited)",
				);
				GCC_WARN_64_TO_32_BIT_CONVERSION = YES;
				GCC_WARN_ABOUT_RETURN_TYPE = YES_ERROR;
				GCC_WARN_UNDECLARED_SELECTOR = YES;
				GCC_WARN_UNINITIALIZED_AUTOS = YES_AGGRESSIVE;
				GCC_WARN_UNUSED_FUNCTION = YES;
				GCC_WARN_UNUSED_VARIABLE = YES;
				IPHONEOS_DEPLOYMENT_TARGET = 16.4;
				MTL_ENABLE_DEBUG_INFO = INCLUDE_SOURCE;
				MTL_FAST_MATH = YES;
				ONLY_ACTIVE_ARCH = YES;
				SDKROOT = iphoneos;
				SWIFT_ACTIVE_COMPILATION_CONDITIONS = DEBUG;
				SWIFT_OPTIMIZATION_LEVEL = "-Onone";
			};
			name = Debug;
		};
		BF9A26872AA1270600F73E17 /* Release */ = {
			isa = XCBuildConfiguration;
			buildSettings = {
				ALWAYS_SEARCH_USER_PATHS = NO;
				CLANG_ANALYZER_NONNULL = YES;
				CLANG_ANALYZER_NUMBER_OBJECT_CONVERSION = YES_AGGRESSIVE;
				CLANG_CXX_LANGUAGE_STANDARD = "gnu++20";
				CLANG_ENABLE_MODULES = YES;
				CLANG_ENABLE_OBJC_ARC = YES;
				CLANG_ENABLE_OBJC_WEAK = YES;
				CLANG_WARN_BLOCK_CAPTURE_AUTORELEASING = YES;
				CLANG_WARN_BOOL_CONVERSION = YES;
				CLANG_WARN_COMMA = YES;
				CLANG_WARN_CONSTANT_CONVERSION = YES;
				CLANG_WARN_DEPRECATED_OBJC_IMPLEMENTATIONS = YES;
				CLANG_WARN_DIRECT_OBJC_ISA_USAGE = YES_ERROR;
				CLANG_WARN_DOCUMENTATION_COMMENTS = YES;
				CLANG_WARN_EMPTY_BODY = YES;
				CLANG_WARN_ENUM_CONVERSION = YES;
				CLANG_WARN_INFINITE_RECURSION = YES;
				CLANG_WARN_INT_CONVERSION = YES;
				CLANG_WARN_NON_LITERAL_NULL_CONVERSION = YES;
				CLANG_WARN_OBJC_IMPLICIT_RETAIN_SELF = YES;
				CLANG_WARN_OBJC_LITERAL_CONVERSION = YES;
				CLANG_WARN_OBJC_ROOT_CLASS = YES_ERROR;
				CLANG_WARN_QUOTED_INCLUDE_IN_FRAMEWORK_HEADER = YES;
				CLANG_WARN_RANGE_LOOP_ANALYSIS = YES;
				CLANG_WARN_STRICT_PROTOTYPES = YES;
				CLANG_WARN_SUSPICIOUS_MOVE = YES;
				CLANG_WARN_UNGUARDED_AVAILABILITY = YES_AGGRESSIVE;
				CLANG_WARN_UNREACHABLE_CODE = YES;
				CLANG_WARN__DUPLICATE_METHOD_MATCH = YES;
				COPY_PHASE_STRIP = NO;
				DEBUG_INFORMATION_FORMAT = "dwarf-with-dsym";
				ENABLE_NS_ASSERTIONS = NO;
				ENABLE_STRICT_OBJC_MSGSEND = YES;
				GCC_C_LANGUAGE_STANDARD = gnu11;
				GCC_NO_COMMON_BLOCKS = YES;
				GCC_WARN_64_TO_32_BIT_CONVERSION = YES;
				GCC_WARN_ABOUT_RETURN_TYPE = YES_ERROR;
				GCC_WARN_UNDECLARED_SELECTOR = YES;
				GCC_WARN_UNINITIALIZED_AUTOS = YES_AGGRESSIVE;
				GCC_WARN_UNUSED_FUNCTION = YES;
				GCC_WARN_UNUSED_VARIABLE = YES;
				IPHONEOS_DEPLOYMENT_TARGET = 16.4;
				MTL_ENABLE_DEBUG_INFO = NO;
				MTL_FAST_MATH = YES;
				SDKROOT = iphoneos;
				SWIFT_COMPILATION_MODE = wholemodule;
				SWIFT_OPTIMIZATION_LEVEL = "-O";
				VALIDATE_PRODUCT = YES;
			};
			name = Release;
		};
		BF9A26892AA1270600F73E17 /* Debug */ = {
			isa = XCBuildConfiguration;
			buildSettings = {
				ASSETCATALOG_COMPILER_APPICON_NAME = AppIcon;
				ASSETCATALOG_COMPILER_GLOBAL_ACCENT_COLOR_NAME = AccentColor;
				CODE_SIGN_STYLE = Automatic;
				CURRENT_PROJECT_VERSION = 1;
				DEVELOPMENT_ASSET_PATHS = "\"Imagery/Preview Content\"";
				DEVELOPMENT_TEAM = M6KTL34CVP;
				ENABLE_PREVIEWS = YES;
				GENERATE_INFOPLIST_FILE = YES;
				INFOPLIST_KEY_CFBundleDisplayName = Imagery;
				INFOPLIST_KEY_LSApplicationCategoryType = "public.app-category.adventure-games";
				INFOPLIST_KEY_UIApplicationSceneManifest_Generation = YES;
				INFOPLIST_KEY_UIApplicationSupportsIndirectInputEvents = YES;
				INFOPLIST_KEY_UILaunchScreen_Generation = YES;
				INFOPLIST_KEY_UIStatusBarStyle = "";
				INFOPLIST_KEY_UISupportedInterfaceOrientations = "UIInterfaceOrientationLandscapeLeft UIInterfaceOrientationLandscapeRight UIInterfaceOrientationPortrait";
				INFOPLIST_KEY_UISupportedInterfaceOrientations_iPad = "UIInterfaceOrientationLandscapeLeft UIInterfaceOrientationLandscapeRight UIInterfaceOrientationPortrait UIInterfaceOrientationPortraitUpsideDown";
				LD_RUNPATH_SEARCH_PATHS = (
					"$(inherited)",
					"@executable_path/Frameworks",
				);
				MARKETING_VERSION = 1.0;
				PRODUCT_BUNDLE_IDENTIFIER = com.jun.Imagery;
				PRODUCT_NAME = "$(TARGET_NAME)";
				SWIFT_EMIT_LOC_STRINGS = YES;
				SWIFT_VERSION = 5.0;
				TARGETED_DEVICE_FAMILY = "1,2";
			};
			name = Debug;
		};
		BF9A268A2AA1270600F73E17 /* Release */ = {
			isa = XCBuildConfiguration;
			buildSettings = {
				ASSETCATALOG_COMPILER_APPICON_NAME = AppIcon;
				ASSETCATALOG_COMPILER_GLOBAL_ACCENT_COLOR_NAME = AccentColor;
				CODE_SIGN_STYLE = Automatic;
				CURRENT_PROJECT_VERSION = 1;
				DEVELOPMENT_ASSET_PATHS = "\"Imagery/Preview Content\"";
				DEVELOPMENT_TEAM = M6KTL34CVP;
				ENABLE_PREVIEWS = YES;
				GENERATE_INFOPLIST_FILE = YES;
				INFOPLIST_KEY_CFBundleDisplayName = Imagery;
				INFOPLIST_KEY_LSApplicationCategoryType = "public.app-category.adventure-games";
				INFOPLIST_KEY_UIApplicationSceneManifest_Generation = YES;
				INFOPLIST_KEY_UIApplicationSupportsIndirectInputEvents = YES;
				INFOPLIST_KEY_UILaunchScreen_Generation = YES;
				INFOPLIST_KEY_UIStatusBarStyle = "";
				INFOPLIST_KEY_UISupportedInterfaceOrientations = "UIInterfaceOrientationLandscapeLeft UIInterfaceOrientationLandscapeRight UIInterfaceOrientationPortrait";
				INFOPLIST_KEY_UISupportedInterfaceOrientations_iPad = "UIInterfaceOrientationLandscapeLeft UIInterfaceOrientationLandscapeRight UIInterfaceOrientationPortrait UIInterfaceOrientationPortraitUpsideDown";
				LD_RUNPATH_SEARCH_PATHS = (
					"$(inherited)",
					"@executable_path/Frameworks",
				);
				MARKETING_VERSION = 1.0;
				PRODUCT_BUNDLE_IDENTIFIER = com.jun.Imagery;
				PRODUCT_NAME = "$(TARGET_NAME)";
				SWIFT_EMIT_LOC_STRINGS = YES;
				SWIFT_VERSION = 5.0;
				TARGETED_DEVICE_FAMILY = "1,2";
			};
			name = Release;
		};
/* End XCBuildConfiguration section */

/* Begin XCConfigurationList section */
		BF9A26752AA1270500F73E17 /* Build configuration list for PBXProject "Imagery" */ = {
			isa = XCConfigurationList;
			buildConfigurations = (
				BF9A26862AA1270600F73E17 /* Debug */,
				BF9A26872AA1270600F73E17 /* Release */,
			);
			defaultConfigurationIsVisible = 0;
			defaultConfigurationName = Release;
		};
		BF9A26882AA1270600F73E17 /* Build configuration list for PBXNativeTarget "Imagery" */ = {
			isa = XCConfigurationList;
			buildConfigurations = (
				BF9A26892AA1270600F73E17 /* Debug */,
				BF9A268A2AA1270600F73E17 /* Release */,
			);
			defaultConfigurationIsVisible = 0;
			defaultConfigurationName = Release;
		};
/* End XCConfigurationList section */
	};
	rootObject = BF9A26722AA1270500F73E17 /* Project object */;
}
